{
  "name": "build-compiler",
  "version": "1.0.0",
  "lockfileVersion": 2,
  "requires": true,
  "packages": {
    "": {
      "name": "build-compiler",
      "version": "1.0.0",
      "license": "ISC",
      "dependencies": {
        "prompt-sync": "^4.2.0"
      },
      "devDependencies": {
        "@types/node": "^18.13.0",
        "node-typescript": "^0.1.3",
        "typescript": "^4.9.5"
      }
    },
    "node_modules/@types/node": {
      "version": "18.13.0",
      "resolved": "https://registry.npmjs.org/@types/node/-/node-18.13.0.tgz",
      "integrity": "sha512-gC3TazRzGoOnoKAhUx+Q0t8S9Tzs74z7m0ipwGpSqQrleP14hKxP4/JUeEQcD3W1/aIpnWl8pHowI7WokuZpXg==",
      "dev": true
    },
    "node_modules/ansi-regex": {
      "version": "4.1.1",
      "resolved": "https://registry.npmjs.org/ansi-regex/-/ansi-regex-4.1.1.tgz",
      "integrity": "sha512-ILlv4k/3f6vfQ4OoP2AGvirOktlQ98ZEL1k9FaQjxa3L1abBgbuTDAdPOpvbGncC0BTVQrl+OM8xZGK6tWXt7g==",
      "engines": {
        "node": ">=6"
      }
    },
    "node_modules/node-typescript": {
      "version": "0.1.3",
      "resolved": "https://registry.npmjs.org/node-typescript/-/node-typescript-0.1.3.tgz",
      "integrity": "sha512-EK34kMXvdXsVvtzLZVQN3ORdLTQCG0gSnhkQOF8vzrO8beXoXqIUNAGACF9c6N5LDDzEdM8YCXFjbuCE8Mz1Jg==",
      "dev": true,
      "dependencies": {
        "typescript": "0.8.3"
      },
      "engines": {
        "node": "0.8.x"
      }
    },
    "node_modules/node-typescript/node_modules/typescript": {
      "version": "0.8.3",
      "resolved": "https://registry.npmjs.org/typescript/-/typescript-0.8.3.tgz",
      "integrity": "sha512-42GP2FBgk+/q8Y0MRt0vJoWx6I7ADAKBTnz7gK++gwQtzC3h54Yltqb8z+EFozZ4OHhz6uwLmXFthCn4oDOGxg==",
      "dev": true,
      "bin": {
        "tsc": "bin/tsc"
      },
      "engines": {
        "node": ">=0.8.0"
      }
    },
    "node_modules/prompt-sync": {
      "version": "4.2.0",
      "resolved": "https://registry.npmjs.org/prompt-sync/-/prompt-sync-4.2.0.tgz",
      "integrity": "sha512-BuEzzc5zptP5LsgV5MZETjDaKSWfchl5U9Luiu8SKp7iZWD5tZalOxvNcZRwv+d2phNFr8xlbxmFNcRKfJOzJw==",
      "dependencies": {
        "strip-ansi": "^5.0.0"
      }
    },
    "node_modules/strip-ansi": {
      "version": "5.2.0",
      "resolved": "https://registry.npmjs.org/strip-ansi/-/strip-ansi-5.2.0.tgz",
      "integrity": "sha512-DuRs1gKbBqsMKIZlrffwlug8MHkcnpjs5VPmL1PAh+mA30U0DTotfDZ0d2UUsXpPmPmMMJ6W773MaA3J+lbiWA==",
      "dependencies": {
        "ansi-regex": "^4.1.0"
      },
      "engines": {
        "node": ">=6"
      }
    },
    "node_modules/typescript": {
      "version": "4.9.5",
      "resolved": "https://registry.npmjs.org/typescript/-/typescript-4.9.5.tgz",
      "integrity": "sha512-1FXk9E2Hm+QzZQ7z+McJiHL4NW1F2EzMu9Nq9i3zAaGqibafqYwCVU6WyWAuyQRRzOlxou8xZSyXLEN8oKj24g==",
      "dev": true,
      "bin": {
        "tsc": "bin/tsc",
        "tsserver": "bin/tsserver"
      },
      "engines": {
        "node": ">=4.2.0"
      }
    }
  },
  "dependencies": {
    "@types/node": {
      "version": "18.13.0",
      "resolved": "https://registry.npmjs.org/@types/node/-/node-18.13.0.tgz",
      "integrity": "sha512-gC3TazRzGoOnoKAhUx+Q0t8S9Tzs74z7m0ipwGpSqQrleP14hKxP4/JUeEQcD3W1/aIpnWl8pHowI7WokuZpXg==",
      "dev": true
    },
    "ansi-regex": {
      "version": "4.1.1",
      "resolved": "https://registry.npmjs.org/ansi-regex/-/ansi-regex-4.1.1.tgz",
      "integrity": "sha512-ILlv4k/3f6vfQ4OoP2AGvirOktlQ98ZEL1k9FaQjxa3L1abBgbuTDAdPOpvbGncC0BTVQrl+OM8xZGK6tWXt7g=="
    },
    "node-typescript": {
      "version": "0.1.3",
      "resolved": "https://registry.npmjs.org/node-typescript/-/node-typescript-0.1.3.tgz",
      "integrity": "sha512-EK34kMXvdXsVvtzLZVQN3ORdLTQCG0gSnhkQOF8vzrO8beXoXqIUNAGACF9c6N5LDDzEdM8YCXFjbuCE8Mz1Jg==",
      "dev": true,
      "requires": {
        "typescript": "0.8.3"
      },
      "dependencies": {
        "typescript": {
          "version": "0.8.3",
          "resolved": "https://registry.npmjs.org/typescript/-/typescript-0.8.3.tgz",
          "integrity": "sha512-42GP2FBgk+/q8Y0MRt0vJoWx6I7ADAKBTnz7gK++gwQtzC3h54Yltqb8z+EFozZ4OHhz6uwLmXFthCn4oDOGxg==",
          "dev": true
        }
      }
    },
    "prompt-sync": {
      "version": "4.2.0",
      "resolved": "https://registry.npmjs.org/prompt-sync/-/prompt-sync-4.2.0.tgz",
      "integrity": "sha512-BuEzzc5zptP5LsgV5MZETjDaKSWfchl5U9Luiu8SKp7iZWD5tZalOxvNcZRwv+d2phNFr8xlbxmFNcRKfJOzJw==",
      "requires": {
        "strip-ansi": "^5.0.0"
      }
    },
    "strip-ansi": {
      "version": "5.2.0",
      "resolved": "https://registry.npmjs.org/strip-ansi/-/strip-ansi-5.2.0.tgz",
      "integrity": "sha512-DuRs1gKbBqsMKIZlrffwlug8MHkcnpjs5VPmL1PAh+mA30U0DTotfDZ0d2UUsXpPmPmMMJ6W773MaA3J+lbiWA==",
      "requires": {
        "ansi-regex": "^4.1.0"
      }
    },
    "typescript": {
      "version": "4.9.5",
      "resolved": "https://registry.npmjs.org/typescript/-/typescript-4.9.5.tgz",
      "integrity": "sha512-1FXk9E2Hm+QzZQ7z+McJiHL4NW1F2EzMu9Nq9i3zAaGqibafqYwCVU6WyWAuyQRRzOlxou8xZSyXLEN8oKj24g==",
      "dev": true
    }
  }
}
